
Microsoft Visual Studio Solution File, Format Version 12.00
# Visual Studio Version 16
VisualStudioVersion = 16.0.29806.167
MinimumVisualStudioVersion = 10.0.40219.1
Project("{FAE04EC0-301F-11D3-BF4B-00C04F79EFBC}") = "Class02.QuizApp", "Class02.QuizApp\Class02.QuizApp.csproj", "{E0466199-99BF-403E-B26B-98F407751A25}"
EndProject
Project("{FAE04EC0-301F-11D3-BF4B-00C04F79EFBC}") = "Class02.QuizApp.Data", "Class02.QuizApp.Data\Class02.QuizApp.Data.csproj", "{8C165D46-E90D-49CF-A1D6-3022E690C27C}"
EndProject
Project("{FAE04EC0-301F-11D3-BF4B-00C04F79EFBC}") = "Class02.QuizApp.Business", "Class02.QuizApp.Business\Class02.QuizApp.Business.csproj", "{44785D35-1ED2-40CC-A556-2AD059CDA088}"
EndProject
Global
	GlobalSection(SolutionConfigurationPlatforms) = preSolution
		Debug|Any CPU = Debug|Any CPU
		Release|Any CPU = Release|Any CPU
	EndGlobalSection
	GlobalSection(ProjectConfigurationPlatforms) = postSolution
		{E0466199-99BF-403E-B26B-98F407751A25}.Debug|Any CPU.ActiveCfg = Debug|Any CPU
		{E0466199-99BF-403E-B26B-98F407751A25}.Debug|Any CPU.Build.0 = Debug|Any CPU
		{E0466199-99BF-403E-B26B-98F407751A25}.Release|Any CPU.ActiveCfg = Release|Any CPU
		{E0466199-99BF-403E-B26B-98F407751A25}.Release|Any CPU.Build.0 = Release|Any CPU
		{8C165D46-E90D-49CF-A1D6-3022E690C27C}.Debug|Any CPU.ActiveCfg = Debug|Any CPU
		{8C165D46-E90D-49CF-A1D6-3022E690C27C}.Debug|Any CPU.Build.0 = Debug|Any CPU
		{8C165D46-E90D-49CF-A1D6-3022E690C27C}.Release|Any CPU.ActiveCfg = Release|Any CPU
		{8C165D46-E90D-49CF-A1D6-3022E690C27C}.Release|Any CPU.Build.0 = Release|Any CPU
		{44785D35-1ED2-40CC-A556-2AD059CDA088}.Debug|Any CPU.ActiveCfg = Debug|Any CPU
		{44785D35-1ED2-40CC-A556-2AD059CDA088}.Debug|Any CPU.Build.0 = Debug|Any CPU
		{44785D35-1ED2-40CC-A556-2AD059CDA088}.Release|Any CPU.ActiveCfg = Release|Any CPU
		{44785D35-1ED2-40CC-A556-2AD059CDA088}.Release|Any CPU.Build.0 = Release|Any CPU
	EndGlobalSection
	GlobalSection(SolutionProperties) = preSolution
		HideSolutionNode = FALSE
	EndGlobalSection
	GlobalSection(ExtensibilityGlobals) = postSolution
		SolutionGuid = {F9DABAD3-D8C1-4FFE-8D8C-F96923CB9D30}
	EndGlobalSection
EndGlobal
